
Microsoft Visual Studio Solution File, Format Version 12.00
# Visual Studio Version 16
VisualStudioVersion = 16.0.30907.101
MinimumVisualStudioVersion = 10.0.40219.1
Project("{FAE04EC0-301F-11D3-BF4B-00C04F79EFBC}") = "Wholesale Base", "Wholesale Base\Wholesale Base.csproj", "{271856A2-4F9F-4E40-8660-7298E999A927}"
EndProject
Global
	GlobalSection(SolutionConfigurationPlatforms) = preSolution
		Debug|Any CPU = Debug|Any CPU
		Release|Any CPU = Release|Any CPU
	EndGlobalSection
	GlobalSection(ProjectConfigurationPlatforms) = postSolution
		{271856A2-4F9F-4E40-8660-7298E999A927}.Debug|Any CPU.ActiveCfg = Debug|Any CPU
		{271856A2-4F9F-4E40-8660-7298E999A927}.Debug|Any CPU.Build.0 = Debug|Any CPU
		{271856A2-4F9F-4E40-8660-7298E999A927}.Release|Any CPU.ActiveCfg = Release|Any CPU
		{271856A2-4F9F-4E40-8660-7298E999A927}.Release|Any CPU.Build.0 = Release|Any CPU
	EndGlobalSection
	GlobalSection(SolutionProperties) = preSolution
		HideSolutionNode = FALSE
	EndGlobalSection
	GlobalSection(ExtensibilityGlobals) = postSolution
		SolutionGuid = {B3130763-FF96-42D0-BB93-933475CFA4C2}
	EndGlobalSection
EndGlobal
