
Microsoft Visual Studio Solution File, Format Version 12.00
# Visual Studio Version 16
VisualStudioVersion = 16.0.30907.101
MinimumVisualStudioVersion = 10.0.40219.1
Project("{FAE04EC0-301F-11D3-BF4B-00C04F79EFBC}") = "People application", "People application\People application.csproj", "{EAA06242-B8EA-49F4-A770-CF35B9C10FCD}"
EndProject
Global
	GlobalSection(SolutionConfigurationPlatforms) = preSolution
		Debug|Any CPU = Debug|Any CPU
		Release|Any CPU = Release|Any CPU
	EndGlobalSection
	GlobalSection(ProjectConfigurationPlatforms) = postSolution
		{EAA06242-B8EA-49F4-A770-CF35B9C10FCD}.Debug|Any CPU.ActiveCfg = Debug|Any CPU
		{EAA06242-B8EA-49F4-A770-CF35B9C10FCD}.Debug|Any CPU.Build.0 = Debug|Any CPU
		{EAA06242-B8EA-49F4-A770-CF35B9C10FCD}.Release|Any CPU.ActiveCfg = Release|Any CPU
		{EAA06242-B8EA-49F4-A770-CF35B9C10FCD}.Release|Any CPU.Build.0 = Release|Any CPU
	EndGlobalSection
	GlobalSection(SolutionProperties) = preSolution
		HideSolutionNode = FALSE
	EndGlobalSection
	GlobalSection(ExtensibilityGlobals) = postSolution
		SolutionGuid = {6A711E25-378D-4C44-A754-F36204C0B98C}
	EndGlobalSection
EndGlobal
